
Microsoft Visual Studio Solution File, Format Version 12.00
# Visual Studio 15
Project("{FAE04EC0-301F-11D3-BF4B-00C04F79EFBC}") = "KWS", "KWS.csproj", "{1220E353-6909-A8A5-7632-632FAA1141FB}"
EndProject
Project("{FAE04EC0-301F-11D3-BF4B-00C04F79EFBC}") = "Assembly-CSharp", "Assembly-CSharp.csproj", "{E8DC5B45-40F5-70BE-4B1B-C54B80F75443}"
EndProject
Project("{FAE04EC0-301F-11D3-BF4B-00C04F79EFBC}") = "Assembly-CSharp-Editor", "Assembly-CSharp-Editor.csproj", "{C68BBC35-910D-CCA3-8462-6365B146F550}"
EndProject
Global
	GlobalSection(SolutionConfigurationPlatforms) = preSolution
		Debug|Any CPU = Debug|Any CPU
		Release|Any CPU = Release|Any CPU
	EndGlobalSection
	GlobalSection(ProjectConfigurationPlatforms) = postSolution
		{1220E353-6909-A8A5-7632-632FAA1141FB}.Debug|Any CPU.ActiveCfg = Debug|Any CPU
		{1220E353-6909-A8A5-7632-632FAA1141FB}.Debug|Any CPU.Build.0 = Debug|Any CPU
		{1220E353-6909-A8A5-7632-632FAA1141FB}.Release|Any CPU.ActiveCfg = Release|Any CPU
		{1220E353-6909-A8A5-7632-632FAA1141FB}.Release|Any CPU.Build.0 = Release|Any CPU
		{E8DC5B45-40F5-70BE-4B1B-C54B80F75443}.Debug|Any CPU.ActiveCfg = Debug|Any CPU
		{E8DC5B45-40F5-70BE-4B1B-C54B80F75443}.Debug|Any CPU.Build.0 = Debug|Any CPU
		{E8DC5B45-40F5-70BE-4B1B-C54B80F75443}.Release|Any CPU.ActiveCfg = Release|Any CPU
		{E8DC5B45-40F5-70BE-4B1B-C54B80F75443}.Release|Any CPU.Build.0 = Release|Any CPU
		{C68BBC35-910D-CCA3-8462-6365B146F550}.Debug|Any CPU.ActiveCfg = Debug|Any CPU
		{C68BBC35-910D-CCA3-8462-6365B146F550}.Debug|Any CPU.Build.0 = Debug|Any CPU
		{C68BBC35-910D-CCA3-8462-6365B146F550}.Release|Any CPU.ActiveCfg = Release|Any CPU
		{C68BBC35-910D-CCA3-8462-6365B146F550}.Release|Any CPU.Build.0 = Release|Any CPU
	EndGlobalSection
	GlobalSection(SolutionProperties) = preSolution
		HideSolutionNode = FALSE
	EndGlobalSection
EndGlobal
